
Microsoft Visual Studio Solution File, Format Version 12.00
# Visual Studio 2012
Project("{FAE04EC0-301F-11D3-BF4B-00C04F79EFBC}") = "testBorder", "testBorder\testBorder.csproj", "{6349f611-bb2b-48f0-9d4c-dfcaa2ac2d04}"
EndProject
Global
	GlobalSection(SolutionConfigurationPlatforms) = preSolution
		Debug|Any CPU = Debug|Any CPU
		Release|Any CPU = Release|Any CPU
	EndGlobalSection
	GlobalSection(ProjectConfigurationPlatforms) = postSolution
		{6349F611-BB2B-48F0-9D4C-DFCAA2AC2D04}.Debug|Any CPU.ActiveCfg = Debug|Any CPU
		{6349F611-BB2B-48F0-9D4C-DFCAA2AC2D04}.Debug|Any CPU.Build.0 = Debug|Any CPU
		{6349F611-BB2B-48F0-9D4C-DFCAA2AC2D04}.Release|Any CPU.ActiveCfg = Release|Any CPU
		{6349F611-BB2B-48F0-9D4C-DFCAA2AC2D04}.Release|Any CPU.Build.0 = Release|Any CPU
	EndGlobalSection
EndGlobal
