
Microsoft Visual Studio Solution File, Format Version 12.00
# Visual Studio 2012
Project("{FAE04EC0-301F-11D3-BF4B-00C04F79EFBC}") = "test_progressbar", "test_progressbar\test_progressbar.csproj", "{2E8D9757-605A-4E41-A88A-D539A11FF675}"
EndProject
Global
	GlobalSection(SolutionConfigurationPlatforms) = preSolution
		Debug|Any CPU = Debug|Any CPU
		Release|Any CPU = Release|Any CPU
	EndGlobalSection
	GlobalSection(ProjectConfigurationPlatforms) = postSolution
		{2E8D9757-605A-4E41-A88A-D539A11FF675}.Debug|Any CPU.ActiveCfg = Debug|Any CPU
		{2E8D9757-605A-4E41-A88A-D539A11FF675}.Debug|Any CPU.Build.0 = Debug|Any CPU
		{2E8D9757-605A-4E41-A88A-D539A11FF675}.Release|Any CPU.ActiveCfg = Release|Any CPU
		{2E8D9757-605A-4E41-A88A-D539A11FF675}.Release|Any CPU.Build.0 = Release|Any CPU
	EndGlobalSection
	GlobalSection(SolutionProperties) = preSolution
		HideSolutionNode = FALSE
	EndGlobalSection
EndGlobal
